
Microsoft Visual Studio Solution File, Format Version 12.00
# Visual Studio 15
VisualStudioVersion = 15.0.27703.2047
MinimumVisualStudioVersion = 10.0.40219.1
Project("{FAE04EC0-301F-11D3-BF4B-00C04F79EFBC}") = "DockerAndMongoSampleWebApp", "DockerAndMongoSampleWebApp\DockerAndMongoSampleWebApp.csproj", "{F3359695-A3BD-41AE-B0E1-63EE193E46CD}"
EndProject
Project("{E53339B2-1760-4266-BCC7-CA923CBCF16C}") = "docker-compose", "docker-compose.dcproj", "{45D1019F-8D2B-4A2F-941E-4237CDB9685C}"
EndProject
Global
	GlobalSection(SolutionConfigurationPlatforms) = preSolution
		Debug|Any CPU = Debug|Any CPU
		Release|Any CPU = Release|Any CPU
	EndGlobalSection
	GlobalSection(ProjectConfigurationPlatforms) = postSolution
		{F3359695-A3BD-41AE-B0E1-63EE193E46CD}.Debug|Any CPU.ActiveCfg = Debug|Any CPU
		{F3359695-A3BD-41AE-B0E1-63EE193E46CD}.Debug|Any CPU.Build.0 = Debug|Any CPU
		{F3359695-A3BD-41AE-B0E1-63EE193E46CD}.Release|Any CPU.ActiveCfg = Release|Any CPU
		{F3359695-A3BD-41AE-B0E1-63EE193E46CD}.Release|Any CPU.Build.0 = Release|Any CPU
		{45D1019F-8D2B-4A2F-941E-4237CDB9685C}.Debug|Any CPU.ActiveCfg = Debug|Any CPU
		{45D1019F-8D2B-4A2F-941E-4237CDB9685C}.Debug|Any CPU.Build.0 = Debug|Any CPU
		{45D1019F-8D2B-4A2F-941E-4237CDB9685C}.Release|Any CPU.ActiveCfg = Release|Any CPU
		{45D1019F-8D2B-4A2F-941E-4237CDB9685C}.Release|Any CPU.Build.0 = Release|Any CPU
	EndGlobalSection
	GlobalSection(SolutionProperties) = preSolution
		HideSolutionNode = FALSE
	EndGlobalSection
	GlobalSection(ExtensibilityGlobals) = postSolution
		SolutionGuid = {DD21831F-FE17-4601-83DA-BA77BC00DE54}
	EndGlobalSection
EndGlobal
